<?xml version="1.0" encoding="utf-8"?>
<Project ToolsVersion="4.0" xmlns="http://schemas.microsoft.com/developer/msbuild/2003">
  <ItemGroup>
    <Filter Include="win32">
      <UniqueIdentifier>{84a8ebd7-7cf0-47f6-b75e-d441df67da40}</UniqueIdentifier>
    </Filter>
    <Filter Include="Classes">
      <UniqueIdentifier>{bb6c862e-70e9-49d9-81b7-3829a6f50471}</UniqueIdentifier>
    </Filter>
    <Filter Include="resource">
      <UniqueIdentifier>{715254bc-d70b-4ec5-bf29-467dd3ace079}</UniqueIdentifier>
    </Filter>
    <Filter Include="Classes\SGDramaScene">
      <UniqueIdentifier>{d6cd1beb-5327-4095-9d04-e1e97b08a9e3}</UniqueIdentifier>
    </Filter>
    <Filter Include="Classes\SGSkirmishScene">
      <UniqueIdentifier>{6f118507-68ea-4e7b-963f-7e358fd8d83a}</UniqueIdentifier>
    </Filter>
    <Filter Include="Classes\SGSceneBase">
      <UniqueIdentifier>{0f808549-3c52-490d-add6-dc597ae02675}</UniqueIdentifier>
    </Filter>
    <Filter Include="Classes\SGUtils">
      <UniqueIdentifier>{4766f911-6e05-4685-90b3-ebaa588d2d57}</UniqueIdentifier>
    </Filter>
  </ItemGroup>
  <ItemGroup>
    <ClCompile Include="main.cpp">
      <Filter>win32</Filter>
    </ClCompile>
    <ClCompile Include="..\Classes\AppDelegate.cpp">
      <Filter>Classes</Filter>
    </ClCompile>
    <ClCompile Include="..\Classes\SGWelcomeScene.cpp">
      <Filter>Classes</Filter>
    </ClCompile>
    <ClCompile Include="..\Classes\SGDramaSceneHero.cpp">
      <Filter>Classes\SGDramaScene</Filter>
    </ClCompile>
    <ClCompile Include="..\Classes\SGDramaScene.cpp">
      <Filter>Classes\SGDramaScene</Filter>
    </ClCompile>
    <ClCompile Include="..\Classes\SGHeroResourceUtils.cpp">
      <Filter>Classes</Filter>
    </ClCompile>
    <ClCompile Include="..\Classes\SGDramaSceneSelectScene.cpp">
      <Filter>Classes\SGDramaScene</Filter>
    </ClCompile>
    <ClCompile Include="..\Classes\SGDramaSceneChapterScene.cpp">
      <Filter>Classes\SGDramaScene</Filter>
    </ClCompile>
    <ClCompile Include="..\Classes\SGDramaSceneInfoScene.cpp">
      <Filter>Classes\SGDramaScene</Filter>
    </ClCompile>
    <ClCompile Include="..\Classes\SGSkirmishScene.cpp">
      <Filter>Classes\SGSkirmishScene</Filter>
    </ClCompile>
    <ClCompile Include="..\Classes\SGSkirmishSceneHero.cpp">
      <Filter>Classes\SGSkirmishScene</Filter>
    </ClCompile>
    <ClCompile Include="..\Classes\SGSceneBase.cpp">
      <Filter>Classes\SGSceneBase</Filter>
    </ClCompile>
    <ClCompile Include="..\Classes\SGSceneHeroSpeakScene.cpp">
      <Filter>Classes\SGSceneBase</Filter>
    </ClCompile>
    <ClCompile Include="..\Classes\SGSKirmishSwitchScene.cpp">
      <Filter>Classes\SGSkirmishScene</Filter>
    </ClCompile>
    <ClCompile Include="..\Classes\SGSkirmishSceneObj.cpp">
      <Filter>Classes\SGSkirmishScene</Filter>
    </ClCompile>
    <ClCompile Include="..\Classes\SGSkirmishSceneMagicCall.cpp">
      <Filter>Classes\SGSkirmishScene</Filter>
    </ClCompile>
    <ClCompile Include="..\Classes\SGSkirmishTerrain.cpp">
      <Filter>Classes\SGSkirmishScene</Filter>
    </ClCompile>
  </ItemGroup>
  <ItemGroup>
    <ClInclude Include="main.h">
      <Filter>win32</Filter>
    </ClInclude>
    <ClInclude Include="..\Classes\AppDelegate.h">
      <Filter>Classes</Filter>
    </ClInclude>
    <ClInclude Include="..\Classes\SGWelcomeScene.h">
      <Filter>Classes</Filter>
    </ClInclude>
    <ClInclude Include="..\Classes\SGDramaSceneHero.h">
      <Filter>Classes\SGDramaScene</Filter>
    </ClInclude>
    <ClInclude Include="..\Classes\SGDramaScene.h">
      <Filter>Classes\SGDramaScene</Filter>
    </ClInclude>
    <ClInclude Include="..\Classes\SGGlobalSettings.h">
      <Filter>Classes</Filter>
    </ClInclude>
    <ClInclude Include="..\Classes\SGHeroResourceUtils.h">
      <Filter>Classes</Filter>
    </ClInclude>
    <ClInclude Include="..\Classes\SGDramaSceneSelectScene.h">
      <Filter>Classes\SGDramaScene</Filter>
    </ClInclude>
    <ClInclude Include="..\Classes\SGDramaSceneChapterScene.h">
      <Filter>Classes\SGDramaScene</Filter>
    </ClInclude>
    <ClInclude Include="..\Classes\SGDramaSceneInfoScene.h">
      <Filter>Classes\SGDramaScene</Filter>
    </ClInclude>
    <ClInclude Include="..\Classes\SGSkirmishScene.h">
      <Filter>Classes\SGSkirmishScene</Filter>
    </ClInclude>
    <ClInclude Include="..\Classes\SGSkirmishSceneHero.h">
      <Filter>Classes\SGSkirmishScene</Filter>
    </ClInclude>
    <ClInclude Include="..\Classes\SGSceneBase.h">
      <Filter>Classes\SGSceneBase</Filter>
    </ClInclude>
    <ClInclude Include="..\Classes\SGSceneHeroSpeakScene.h">
      <Filter>Classes\SGSceneBase</Filter>
    </ClInclude>
    <ClInclude Include="..\Classes\SGObserver.h">
      <Filter>Classes\SGUtils</Filter>
    </ClInclude>
    <ClInclude Include="..\Classes\SGSKirmishSwitchScene.h">
      <Filter>Classes\SGSkirmishScene</Filter>
    </ClInclude>
    <ClInclude Include="..\Classes\SGSkirmishSceneObj.h">
      <Filter>Classes\SGSkirmishScene</Filter>
    </ClInclude>
    <ClInclude Include="..\Classes\SGSkirmishSceneMagicCall.h">
      <Filter>Classes\SGSkirmishScene</Filter>
    </ClInclude>
    <ClInclude Include="..\Classes\SGSkirmishTerrain.h">
      <Filter>Classes\SGSkirmishScene</Filter>
    </ClInclude>
  </ItemGroup>
  <ItemGroup>
    <ResourceCompile Include="game.rc">
      <Filter>resource</Filter>
    </ResourceCompile>
  </ItemGroup>
</Project>